
Microsoft Visual Studio Solution File, Format Version 12.00
# Visual Studio Version 16
VisualStudioVersion = 16.0.32802.440
MinimumVisualStudioVersion = 10.0.40219.1
Project("{FAE04EC0-301F-11D3-BF4B-00C04F79EFBC}") = "01. Reverse Strings", "01. Reverse Strings\01. Reverse Strings.csproj", "{EE69BBCF-13FA-461E-819B-0EBF1389EB9F}"
EndProject
Project("{FAE04EC0-301F-11D3-BF4B-00C04F79EFBC}") = "02. Repeat Strings", "02. Repeat Strings\02. Repeat Strings.csproj", "{647DE609-69D0-498C-B12E-CEAFE0051DA7}"
EndProject
Project("{FAE04EC0-301F-11D3-BF4B-00C04F79EFBC}") = "03. Substring", "03. Substring\03. Substring.csproj", "{53131B39-F55A-437D-9E3D-D21AFDE2420A}"
EndProject
Project("{FAE04EC0-301F-11D3-BF4B-00C04F79EFBC}") = "04. Text Filter", "04. Text Filter\04. Text Filter.csproj", "{515B2042-696E-42BF-A968-6E0D75B475D3}"
EndProject
Project("{FAE04EC0-301F-11D3-BF4B-00C04F79EFBC}") = "05. Digits, Letters and Other", "05. Digits, Letters and Other\05. Digits, Letters and Other.csproj", "{57A9C36B-5BEB-46EF-B3D5-26876ED62F58}"
EndProject
Global
	GlobalSection(SolutionConfigurationPlatforms) = preSolution
		Debug|Any CPU = Debug|Any CPU
		Release|Any CPU = Release|Any CPU
	EndGlobalSection
	GlobalSection(ProjectConfigurationPlatforms) = postSolution
		{EE69BBCF-13FA-461E-819B-0EBF1389EB9F}.Debug|Any CPU.ActiveCfg = Debug|Any CPU
		{EE69BBCF-13FA-461E-819B-0EBF1389EB9F}.Debug|Any CPU.Build.0 = Debug|Any CPU
		{EE69BBCF-13FA-461E-819B-0EBF1389EB9F}.Release|Any CPU.ActiveCfg = Release|Any CPU
		{EE69BBCF-13FA-461E-819B-0EBF1389EB9F}.Release|Any CPU.Build.0 = Release|Any CPU
		{647DE609-69D0-498C-B12E-CEAFE0051DA7}.Debug|Any CPU.ActiveCfg = Debug|Any CPU
		{647DE609-69D0-498C-B12E-CEAFE0051DA7}.Debug|Any CPU.Build.0 = Debug|Any CPU
		{647DE609-69D0-498C-B12E-CEAFE0051DA7}.Release|Any CPU.ActiveCfg = Release|Any CPU
		{647DE609-69D0-498C-B12E-CEAFE0051DA7}.Release|Any CPU.Build.0 = Release|Any CPU
		{53131B39-F55A-437D-9E3D-D21AFDE2420A}.Debug|Any CPU.ActiveCfg = Debug|Any CPU
		{53131B39-F55A-437D-9E3D-D21AFDE2420A}.Debug|Any CPU.Build.0 = Debug|Any CPU
		{53131B39-F55A-437D-9E3D-D21AFDE2420A}.Release|Any CPU.ActiveCfg = Release|Any CPU
		{53131B39-F55A-437D-9E3D-D21AFDE2420A}.Release|Any CPU.Build.0 = Release|Any CPU
		{515B2042-696E-42BF-A968-6E0D75B475D3}.Debug|Any CPU.ActiveCfg = Debug|Any CPU
		{515B2042-696E-42BF-A968-6E0D75B475D3}.Debug|Any CPU.Build.0 = Debug|Any CPU
		{515B2042-696E-42BF-A968-6E0D75B475D3}.Release|Any CPU.ActiveCfg = Release|Any CPU
		{515B2042-696E-42BF-A968-6E0D75B475D3}.Release|Any CPU.Build.0 = Release|Any CPU
		{57A9C36B-5BEB-46EF-B3D5-26876ED62F58}.Debug|Any CPU.ActiveCfg = Debug|Any CPU
		{57A9C36B-5BEB-46EF-B3D5-26876ED62F58}.Debug|Any CPU.Build.0 = Debug|Any CPU
		{57A9C36B-5BEB-46EF-B3D5-26876ED62F58}.Release|Any CPU.ActiveCfg = Release|Any CPU
		{57A9C36B-5BEB-46EF-B3D5-26876ED62F58}.Release|Any CPU.Build.0 = Release|Any CPU
	EndGlobalSection
	GlobalSection(SolutionProperties) = preSolution
		HideSolutionNode = FALSE
	EndGlobalSection
	GlobalSection(ExtensibilityGlobals) = postSolution
		SolutionGuid = {6A919A64-B557-4EB0-A3AA-2F126089DC1A}
	EndGlobalSection
EndGlobal
