
Microsoft Visual Studio Solution File, Format Version 12.00
# Visual Studio Version 16
VisualStudioVersion = 16.0.32802.440
MinimumVisualStudioVersion = 10.0.40219.1
Project("{FAE04EC0-301F-11D3-BF4B-00C04F79EFBC}") = "01. Count Real Numbers", "01. Count Real Numbers\01. Count Real Numbers.csproj", "{C86AF7F8-8D45-47D7-AF2E-FCE328C3339A}"
EndProject
Global
	GlobalSection(SolutionConfigurationPlatforms) = preSolution
		Debug|Any CPU = Debug|Any CPU
		Release|Any CPU = Release|Any CPU
	EndGlobalSection
	GlobalSection(ProjectConfigurationPlatforms) = postSolution
		{C86AF7F8-8D45-47D7-AF2E-FCE328C3339A}.Debug|Any CPU.ActiveCfg = Debug|Any CPU
		{C86AF7F8-8D45-47D7-AF2E-FCE328C3339A}.Debug|Any CPU.Build.0 = Debug|Any CPU
		{C86AF7F8-8D45-47D7-AF2E-FCE328C3339A}.Release|Any CPU.ActiveCfg = Release|Any CPU
		{C86AF7F8-8D45-47D7-AF2E-FCE328C3339A}.Release|Any CPU.Build.0 = Release|Any CPU
	EndGlobalSection
	GlobalSection(SolutionProperties) = preSolution
		HideSolutionNode = FALSE
	EndGlobalSection
	GlobalSection(ExtensibilityGlobals) = postSolution
		SolutionGuid = {9E3C42A4-C244-49E4-8945-648523F0C47D}
	EndGlobalSection
EndGlobal
