
Microsoft Visual Studio Solution File, Format Version 12.00
# Visual Studio Version 16
VisualStudioVersion = 16.0.32802.440
MinimumVisualStudioVersion = 10.0.40219.1
Project("{FAE04EC0-301F-11D3-BF4B-00C04F79EFBC}") = "01. Ages", "01. Ages\01. Ages.csproj", "{59010C47-5D62-460C-9079-230C2939DB0C}"
EndProject
Project("{FAE04EC0-301F-11D3-BF4B-00C04F79EFBC}") = "02. Division", "02. Division\02. Division.csproj", "{C43C8E33-A401-4024-9485-2362D73F196F}"
EndProject
Global
	GlobalSection(SolutionConfigurationPlatforms) = preSolution
		Debug|Any CPU = Debug|Any CPU
		Release|Any CPU = Release|Any CPU
	EndGlobalSection
	GlobalSection(ProjectConfigurationPlatforms) = postSolution
		{59010C47-5D62-460C-9079-230C2939DB0C}.Debug|Any CPU.ActiveCfg = Debug|Any CPU
		{59010C47-5D62-460C-9079-230C2939DB0C}.Debug|Any CPU.Build.0 = Debug|Any CPU
		{59010C47-5D62-460C-9079-230C2939DB0C}.Release|Any CPU.ActiveCfg = Release|Any CPU
		{59010C47-5D62-460C-9079-230C2939DB0C}.Release|Any CPU.Build.0 = Release|Any CPU
		{C43C8E33-A401-4024-9485-2362D73F196F}.Debug|Any CPU.ActiveCfg = Debug|Any CPU
		{C43C8E33-A401-4024-9485-2362D73F196F}.Debug|Any CPU.Build.0 = Debug|Any CPU
		{C43C8E33-A401-4024-9485-2362D73F196F}.Release|Any CPU.ActiveCfg = Release|Any CPU
		{C43C8E33-A401-4024-9485-2362D73F196F}.Release|Any CPU.Build.0 = Release|Any CPU
	EndGlobalSection
	GlobalSection(SolutionProperties) = preSolution
		HideSolutionNode = FALSE
	EndGlobalSection
	GlobalSection(ExtensibilityGlobals) = postSolution
		SolutionGuid = {43216959-D906-4A21-8167-B74BCD27D888}
	EndGlobalSection
EndGlobal
