
Microsoft Visual Studio Solution File, Format Version 12.00
# Visual Studio Version 16
VisualStudioVersion = 16.0.32802.440
MinimumVisualStudioVersion = 10.0.40219.1
Project("{FAE04EC0-301F-11D3-BF4B-00C04F79EFBC}") = "01. World Tour", "01. World Tour\01. World Tour.csproj", "{9097290D-D3D3-4DB0-AEFA-881ACF6F821A}"
EndProject
Global
	GlobalSection(SolutionConfigurationPlatforms) = preSolution
		Debug|Any CPU = Debug|Any CPU
		Release|Any CPU = Release|Any CPU
	EndGlobalSection
	GlobalSection(ProjectConfigurationPlatforms) = postSolution
		{9097290D-D3D3-4DB0-AEFA-881ACF6F821A}.Debug|Any CPU.ActiveCfg = Debug|Any CPU
		{9097290D-D3D3-4DB0-AEFA-881ACF6F821A}.Debug|Any CPU.Build.0 = Debug|Any CPU
		{9097290D-D3D3-4DB0-AEFA-881ACF6F821A}.Release|Any CPU.ActiveCfg = Release|Any CPU
		{9097290D-D3D3-4DB0-AEFA-881ACF6F821A}.Release|Any CPU.Build.0 = Release|Any CPU
	EndGlobalSection
	GlobalSection(SolutionProperties) = preSolution
		HideSolutionNode = FALSE
	EndGlobalSection
	GlobalSection(ExtensibilityGlobals) = postSolution
		SolutionGuid = {027B5CD1-5F8D-488C-86A8-63E0B6E14695}
	EndGlobalSection
EndGlobal
