
Microsoft Visual Studio Solution File, Format Version 12.00
# Visual Studio Version 16
VisualStudioVersion = 16.0.32802.440
MinimumVisualStudioVersion = 10.0.40219.1
Project("{FAE04EC0-301F-11D3-BF4B-00C04F79EFBC}") = "01. World Tour", "01. World Tour\01. World Tour.csproj", "{2C75900C-BF56-4705-A5C1-56267D6C751F}"
EndProject
Project("{FAE04EC0-301F-11D3-BF4B-00C04F79EFBC}") = "02. Destination Mapper", "02. Destination Mapper\02. Destination Mapper.csproj", "{CEE40B38-06C1-4B95-9DF5-52BEF69B00C1}"
EndProject
Project("{FAE04EC0-301F-11D3-BF4B-00C04F79EFBC}") = "03. Plant Discovery", "03. Plant Discovery\03. Plant Discovery.csproj", "{23436BE5-50FE-4E3D-81FB-DDD16230EAF5}"
EndProject
Global
	GlobalSection(SolutionConfigurationPlatforms) = preSolution
		Debug|Any CPU = Debug|Any CPU
		Release|Any CPU = Release|Any CPU
	EndGlobalSection
	GlobalSection(ProjectConfigurationPlatforms) = postSolution
		{2C75900C-BF56-4705-A5C1-56267D6C751F}.Debug|Any CPU.ActiveCfg = Debug|Any CPU
		{2C75900C-BF56-4705-A5C1-56267D6C751F}.Debug|Any CPU.Build.0 = Debug|Any CPU
		{2C75900C-BF56-4705-A5C1-56267D6C751F}.Release|Any CPU.ActiveCfg = Release|Any CPU
		{2C75900C-BF56-4705-A5C1-56267D6C751F}.Release|Any CPU.Build.0 = Release|Any CPU
		{CEE40B38-06C1-4B95-9DF5-52BEF69B00C1}.Debug|Any CPU.ActiveCfg = Debug|Any CPU
		{CEE40B38-06C1-4B95-9DF5-52BEF69B00C1}.Debug|Any CPU.Build.0 = Debug|Any CPU
		{CEE40B38-06C1-4B95-9DF5-52BEF69B00C1}.Release|Any CPU.ActiveCfg = Release|Any CPU
		{CEE40B38-06C1-4B95-9DF5-52BEF69B00C1}.Release|Any CPU.Build.0 = Release|Any CPU
		{23436BE5-50FE-4E3D-81FB-DDD16230EAF5}.Debug|Any CPU.ActiveCfg = Debug|Any CPU
		{23436BE5-50FE-4E3D-81FB-DDD16230EAF5}.Debug|Any CPU.Build.0 = Debug|Any CPU
		{23436BE5-50FE-4E3D-81FB-DDD16230EAF5}.Release|Any CPU.ActiveCfg = Release|Any CPU
		{23436BE5-50FE-4E3D-81FB-DDD16230EAF5}.Release|Any CPU.Build.0 = Release|Any CPU
	EndGlobalSection
	GlobalSection(SolutionProperties) = preSolution
		HideSolutionNode = FALSE
	EndGlobalSection
	GlobalSection(ExtensibilityGlobals) = postSolution
		SolutionGuid = {1DF17B71-7C6B-456A-BDE1-9C4D9B81FD32}
	EndGlobalSection
EndGlobal
