
Microsoft Visual Studio Solution File, Format Version 12.00
# Visual Studio Version 16
VisualStudioVersion = 16.0.32802.440
MinimumVisualStudioVersion = 10.0.40219.1
Project("{FAE04EC0-301F-11D3-BF4B-00C04F79EFBC}") = "01. Match Full Name", "01. Match Full Name\01. Match Full Name.csproj", "{712FA836-079A-4264-8886-B717159C2870}"
EndProject
Project("{FAE04EC0-301F-11D3-BF4B-00C04F79EFBC}") = "02. Match Phone Number", "02. Match Phone Number\02. Match Phone Number.csproj", "{820E5113-9140-4FDD-9BBD-573325D7BB65}"
EndProject
Project("{FAE04EC0-301F-11D3-BF4B-00C04F79EFBC}") = "03. Match Dates", "03. Match Dates\03. Match Dates.csproj", "{0C144B84-6990-4AAA-B0A4-C2C84CAAB7DD}"
EndProject
Global
	GlobalSection(SolutionConfigurationPlatforms) = preSolution
		Debug|Any CPU = Debug|Any CPU
		Release|Any CPU = Release|Any CPU
	EndGlobalSection
	GlobalSection(ProjectConfigurationPlatforms) = postSolution
		{712FA836-079A-4264-8886-B717159C2870}.Debug|Any CPU.ActiveCfg = Debug|Any CPU
		{712FA836-079A-4264-8886-B717159C2870}.Debug|Any CPU.Build.0 = Debug|Any CPU
		{712FA836-079A-4264-8886-B717159C2870}.Release|Any CPU.ActiveCfg = Release|Any CPU
		{712FA836-079A-4264-8886-B717159C2870}.Release|Any CPU.Build.0 = Release|Any CPU
		{820E5113-9140-4FDD-9BBD-573325D7BB65}.Debug|Any CPU.ActiveCfg = Debug|Any CPU
		{820E5113-9140-4FDD-9BBD-573325D7BB65}.Debug|Any CPU.Build.0 = Debug|Any CPU
		{820E5113-9140-4FDD-9BBD-573325D7BB65}.Release|Any CPU.ActiveCfg = Release|Any CPU
		{820E5113-9140-4FDD-9BBD-573325D7BB65}.Release|Any CPU.Build.0 = Release|Any CPU
		{0C144B84-6990-4AAA-B0A4-C2C84CAAB7DD}.Debug|Any CPU.ActiveCfg = Debug|Any CPU
		{0C144B84-6990-4AAA-B0A4-C2C84CAAB7DD}.Debug|Any CPU.Build.0 = Debug|Any CPU
		{0C144B84-6990-4AAA-B0A4-C2C84CAAB7DD}.Release|Any CPU.ActiveCfg = Release|Any CPU
		{0C144B84-6990-4AAA-B0A4-C2C84CAAB7DD}.Release|Any CPU.Build.0 = Release|Any CPU
	EndGlobalSection
	GlobalSection(SolutionProperties) = preSolution
		HideSolutionNode = FALSE
	EndGlobalSection
	GlobalSection(ExtensibilityGlobals) = postSolution
		SolutionGuid = {160610D4-BCCC-4266-AB9B-C9DC299219BE}
	EndGlobalSection
EndGlobal
